
Microsoft Visual Studio Solution File, Format Version 12.00
# Visual Studio Version 16
VisualStudioVersion = 16.0.30523.141
MinimumVisualStudioVersion = 10.0.40219.1
Project("{FAE04EC0-301F-11D3-BF4B-00C04F79EFBC}") = "NewBrandingStyle.Web", "NewBrandingStyle.Web\NewBrandingStyle.Web.csproj", "{802BD026-4F7B-4F67-84B9-F80BD9406F33}"
EndProject
Global
	GlobalSection(SolutionConfigurationPlatforms) = preSolution
		Debug|Any CPU = Debug|Any CPU
		Release|Any CPU = Release|Any CPU
	EndGlobalSection
	GlobalSection(ProjectConfigurationPlatforms) = postSolution
		{802BD026-4F7B-4F67-84B9-F80BD9406F33}.Debug|Any CPU.ActiveCfg = Debug|Any CPU
		{802BD026-4F7B-4F67-84B9-F80BD9406F33}.Debug|Any CPU.Build.0 = Debug|Any CPU
		{802BD026-4F7B-4F67-84B9-F80BD9406F33}.Release|Any CPU.ActiveCfg = Release|Any CPU
		{802BD026-4F7B-4F67-84B9-F80BD9406F33}.Release|Any CPU.Build.0 = Release|Any CPU
	EndGlobalSection
	GlobalSection(SolutionProperties) = preSolution
		HideSolutionNode = FALSE
	EndGlobalSection
	GlobalSection(ExtensibilityGlobals) = postSolution
		SolutionGuid = {B4AF1337-D871-4C0A-B769-4BDCB5711EE5}
	EndGlobalSection
EndGlobal
